
Microsoft Visual Studio Solution File, Format Version 12.00
# Visual Studio Version 17
VisualStudioVersion = 17.5.33516.290
MinimumVisualStudioVersion = 10.0.40219.1
Project("{8BC9CEB8-8B4A-11D0-8D11-00A0C91BC942}") = "StructSample1", "StructSample1\StructSample1.vcxproj", "{A2AF605D-CDD6-485B-861B-FCBA41690D46}"
EndProject
Global
	GlobalSection(SolutionConfigurationPlatforms) = preSolution
		Debug|x64 = Debug|x64
		Debug|x86 = Debug|x86
		Release|x64 = Release|x64
		Release|x86 = Release|x86
	EndGlobalSection
	GlobalSection(ProjectConfigurationPlatforms) = postSolution
		{A2AF605D-CDD6-485B-861B-FCBA41690D46}.Debug|x64.ActiveCfg = Debug|x64
		{A2AF605D-CDD6-485B-861B-FCBA41690D46}.Debug|x64.Build.0 = Debug|x64
		{A2AF605D-CDD6-485B-861B-FCBA41690D46}.Debug|x86.ActiveCfg = Debug|Win32
		{A2AF605D-CDD6-485B-861B-FCBA41690D46}.Debug|x86.Build.0 = Debug|Win32
		{A2AF605D-CDD6-485B-861B-FCBA41690D46}.Release|x64.ActiveCfg = Release|x64
		{A2AF605D-CDD6-485B-861B-FCBA41690D46}.Release|x64.Build.0 = Release|x64
		{A2AF605D-CDD6-485B-861B-FCBA41690D46}.Release|x86.ActiveCfg = Release|Win32
		{A2AF605D-CDD6-485B-861B-FCBA41690D46}.Release|x86.Build.0 = Release|Win32
	EndGlobalSection
	GlobalSection(SolutionProperties) = preSolution
		HideSolutionNode = FALSE
	EndGlobalSection
	GlobalSection(ExtensibilityGlobals) = postSolution
		SolutionGuid = {C8E47B51-74B6-41A5-B04D-ABE77B50F83B}
	EndGlobalSection
EndGlobal
