
Microsoft Visual Studio Solution File, Format Version 12.00
# Visual Studio Version 17
VisualStudioVersion = 17.5.33516.290
MinimumVisualStudioVersion = 10.0.40219.1
Project("{8BC9CEB8-8B4A-11D0-8D11-00A0C91BC942}") = "QQsortSample_Struct", "QQsortSample_Struct\QQsortSample_Struct.vcxproj", "{CB3219EB-5FED-45E2-A8C9-07C10B77237E}"
EndProject
Global
	GlobalSection(SolutionConfigurationPlatforms) = preSolution
		Debug|x64 = Debug|x64
		Debug|x86 = Debug|x86
		Release|x64 = Release|x64
		Release|x86 = Release|x86
	EndGlobalSection
	GlobalSection(ProjectConfigurationPlatforms) = postSolution
		{CB3219EB-5FED-45E2-A8C9-07C10B77237E}.Debug|x64.ActiveCfg = Debug|x64
		{CB3219EB-5FED-45E2-A8C9-07C10B77237E}.Debug|x64.Build.0 = Debug|x64
		{CB3219EB-5FED-45E2-A8C9-07C10B77237E}.Debug|x86.ActiveCfg = Debug|Win32
		{CB3219EB-5FED-45E2-A8C9-07C10B77237E}.Debug|x86.Build.0 = Debug|Win32
		{CB3219EB-5FED-45E2-A8C9-07C10B77237E}.Release|x64.ActiveCfg = Release|x64
		{CB3219EB-5FED-45E2-A8C9-07C10B77237E}.Release|x64.Build.0 = Release|x64
		{CB3219EB-5FED-45E2-A8C9-07C10B77237E}.Release|x86.ActiveCfg = Release|Win32
		{CB3219EB-5FED-45E2-A8C9-07C10B77237E}.Release|x86.Build.0 = Release|Win32
	EndGlobalSection
	GlobalSection(SolutionProperties) = preSolution
		HideSolutionNode = FALSE
	EndGlobalSection
	GlobalSection(ExtensibilityGlobals) = postSolution
		SolutionGuid = {D21FC944-45D4-4B32-8238-EC3FD49F3BE3}
	EndGlobalSection
EndGlobal
